
Microsoft Visual Studio Solution File, Format Version 12.00
# Visual Studio Version 17
VisualStudioVersion = 17.0.32014.148
MinimumVisualStudioVersion = 10.0.40219.1
Project("{9A19103F-16F7-4668-BE54-9A1E7A4F7556}") = "Secim_Api", "Secim_Api\Secim_Api.csproj", "{637A0FF6-928E-430A-8F3E-929C2F2B4C22}"
EndProject
Project("{FAE04EC0-301F-11D3-BF4B-00C04F79EFBC}") = "WebApplication1", "WebApplication1\WebApplication1.csproj", "{73FC7999-C3C4-4BBC-A0C0-F4B3B176B481}"
EndProject
Global
	GlobalSection(SolutionConfigurationPlatforms) = preSolution
		Debug|Any CPU = Debug|Any CPU
		Release|Any CPU = Release|Any CPU
	EndGlobalSection
	GlobalSection(ProjectConfigurationPlatforms) = postSolution
		{637A0FF6-928E-430A-8F3E-929C2F2B4C22}.Debug|Any CPU.ActiveCfg = Debug|Any CPU
		{637A0FF6-928E-430A-8F3E-929C2F2B4C22}.Debug|Any CPU.Build.0 = Debug|Any CPU
		{637A0FF6-928E-430A-8F3E-929C2F2B4C22}.Release|Any CPU.ActiveCfg = Release|Any CPU
		{637A0FF6-928E-430A-8F3E-929C2F2B4C22}.Release|Any CPU.Build.0 = Release|Any CPU
		{73FC7999-C3C4-4BBC-A0C0-F4B3B176B481}.Debug|Any CPU.ActiveCfg = Debug|Any CPU
		{73FC7999-C3C4-4BBC-A0C0-F4B3B176B481}.Debug|Any CPU.Build.0 = Debug|Any CPU
		{73FC7999-C3C4-4BBC-A0C0-F4B3B176B481}.Release|Any CPU.ActiveCfg = Release|Any CPU
		{73FC7999-C3C4-4BBC-A0C0-F4B3B176B481}.Release|Any CPU.Build.0 = Release|Any CPU
	EndGlobalSection
	GlobalSection(SolutionProperties) = preSolution
		HideSolutionNode = FALSE
	EndGlobalSection
	GlobalSection(ExtensibilityGlobals) = postSolution
		SolutionGuid = {61B28BA4-3C0E-44C8-BA4B-72F83757CEFC}
	EndGlobalSection
EndGlobal
